// !$*UTF8*$!
{
	archiveVersion = 1;
	classes = {
	};
	objectVersion = 46;
	objects = {

/* Begin PBXBuildFile section */
		D9C3F6A803B84173A12F4A4D /* libPods.a in Frameworks */ = {isa = PBXBuildFile; fileRef = BAA4EA5805CF484EA569CCF7 /* libPods.a */; };
		DC3EA4651982CA1800E946A5 /* pin_beef.png in Resources */ = {isa = PBXBuildFile; fileRef = DC3EA4641982CA1800E946A5 /* pin_beef.png */; };
		DC61BAE1198289B100157BB9 /* Foundation.framework in Frameworks */ = {isa = PBXBuildFile; fileRef = DC61BAE0198289B100157BB9 /* Foundation.framework */; };
		DC61BAE3198289B100157BB9 /* CoreGraphics.framework in Frameworks */ = {isa = PBXBuildFile; fileRef = DC61BAE2198289B100157BB9 /* CoreGraphics.framework */; };
		DC61BAE5198289B100157BB9 /* UIKit.framework in Frameworks */ = {isa = PBXBuildFile; fileRef = DC61BAE4198289B100157BB9 /* UIKit.framework */; };
		DC61BAEB198289B100157BB9 /* InfoPlist.strings in Resources */ = {isa = PBXBuildFile; fileRef = DC61BAE9198289B100157BB9 /* InfoPlist.strings */; };
		DC61BAED198289B100157BB9 /* main.m in Sources */ = {isa = PBXBuildFile; fileRef = DC61BAEC198289B100157BB9 /* main.m */; };
		DC61BAF1198289B100157BB9 /* YBAppDelegate.m in Sources */ = {isa = PBXBuildFile; fileRef = DC61BAF0198289B100157BB9 /* YBAppDelegate.m */; };
		DC61BAF4198289B100157BB9 /* Main.storyboard in Resources */ = {isa = PBXBuildFile; fileRef = DC61BAF2198289B100157BB9 /* Main.storyboard */; };
		DC61BAF7198289B100157BB9 /* YBViewController.m in Sources */ = {isa = PBXBuildFile; fileRef = DC61BAF6198289B100157BB9 /* YBViewController.m */; };
		DC61BAF9198289B100157BB9 /* Images.xcassets in Resources */ = {isa = PBXBuildFile; fileRef = DC61BAF8198289B100157BB9 /* Images.xcassets */; };
		DC61BB00198289B100157BB9 /* XCTest.framework in Frameworks */ = {isa = PBXBuildFile; fileRef = DC61BAFF198289B100157BB9 /* XCTest.framework */; };
		DC61BB01198289B100157BB9 /* Foundation.framework in Frameworks */ = {isa = PBXBuildFile; fileRef = DC61BAE0198289B100157BB9 /* Foundation.framework */; };
		DC61BB02198289B100157BB9 /* UIKit.framework in Frameworks */ = {isa = PBXBuildFile; fileRef = DC61BAE4198289B100157BB9 /* UIKit.framework */; };
		DC61BB0A198289B100157BB9 /* InfoPlist.strings in Resources */ = {isa = PBXBuildFile; fileRef = DC61BB08198289B100157BB9 /* InfoPlist.strings */; };
		DC61BB0C198289B100157BB9 /* HamburgerTestTests.m in Sources */ = {isa = PBXBuildFile; fileRef = DC61BB0B198289B100157BB9 /* HamburgerTestTests.m */; };
		DC61BB1719828B0B00157BB9 /* YBSettingViewController.m in Sources */ = {isa = PBXBuildFile; fileRef = DC61BB1619828B0B00157BB9 /* YBSettingViewController.m */; };
		DC61BB1A19828B1600157BB9 /* YBTransitionViewController.m in Sources */ = {isa = PBXBuildFile; fileRef = DC61BB1919828B1600157BB9 /* YBTransitionViewController.m */; };
		DC61BB1D19828B2200157BB9 /* YBMenuViewController.m in Sources */ = {isa = PBXBuildFile; fileRef = DC61BB1C19828B2200157BB9 /* YBMenuViewController.m */; };
		DC61BB2019828EAF00157BB9 /* MEDynamicTransition.m in Sources */ = {isa = PBXBuildFile; fileRef = DC61BB1F19828EAF00157BB9 /* MEDynamicTransition.m */; };
		DC61BB271982C67100157BB9 /* CoreLocation.framework in Frameworks */ = {isa = PBXBuildFile; fileRef = DC61BB261982C67100157BB9 /* CoreLocation.framework */; };
		DC61BB2A1982C6F400157BB9 /* YBMapViewController.m in Sources */ = {isa = PBXBuildFile; fileRef = DC61BB291982C6F400157BB9 /* YBMapViewController.m */; };
		DC61BB2D1982C7AE00157BB9 /* PlaceMark.m in Sources */ = {isa = PBXBuildFile; fileRef = DC61BB2C1982C7AE00157BB9 /* PlaceMark.m */; };
		DC61BB2F1982C7DE00157BB9 /* MapKit.framework in Frameworks */ = {isa = PBXBuildFile; fileRef = DC61BB2E1982C7DE00157BB9 /* MapKit.framework */; };
/* End PBXBuildFile section */

/* Begin PBXContainerItemProxy section */
		DC61BB03198289B100157BB9 /* PBXContainerItemProxy */ = {
			isa = PBXContainerItemProxy;
			containerPortal = DC61BAD5198289B100157BB9 /* Project object */;
			proxyType = 1;
			remoteGlobalIDString = DC61BADC198289B100157BB9;
			remoteInfo = HamburgerTest;
		};
/* End PBXContainerItemProxy section */

/* Begin PBXFileReference section */
		BAA4EA5805CF484EA569CCF7 /* libPods.a */ = {isa = PBXFileReference; explicitFileType = archive.ar; includeInIndex = 0; path = libPods.a; sourceTree = BUILT_PRODUCTS_DIR; };
		DC3EA4641982CA1800E946A5 /* pin_beef.png */ = {isa = PBXFileReference; lastKnownFileType = image.png; path = pin_beef.png; sourceTree = "<group>"; };
		DC61BADD198289B100157BB9 /* HamburgerTest.app */ = {isa = PBXFileReference; explicitFileType = wrapper.application; includeInIndex = 0; path = HamburgerTest.app; sourceTree = BUILT_PRODUCTS_DIR; };
		DC61BAE0198289B100157BB9 /* Foundation.framework */ = {isa = PBXFileReference; lastKnownFileType = wrapper.framework; name = Foundation.framework; path = System/Library/Frameworks/Foundation.framework; sourceTree = SDKROOT; };
		DC61BAE2198289B100157BB9 /* CoreGraphics.framework */ = {isa = PBXFileReference; lastKnownFileType = wrapper.framework; name = CoreGraphics.framework; path = System/Library/Frameworks/CoreGraphics.framework; sourceTree = SDKROOT; };
		DC61BAE4198289B100157BB9 /* UIKit.framework */ = {isa = PBXFileReference; lastKnownFileType = wrapper.framework; name = UIKit.framework; path = System/Library/Frameworks/UIKit.framework; sourceTree = SDKROOT; };
		DC61BAE8198289B100157BB9 /* HamburgerTest-Info.plist */ = {isa = PBXFileReference; lastKnownFileType = text.plist.xml; path = "HamburgerTest-Info.plist"; sourceTree = "<group>"; };
		DC61BAEA198289B100157BB9 /* en */ = {isa = PBXFileReference; lastKnownFileType = text.plist.strings; name = en; path = en.lproj/InfoPlist.strings; sourceTree = "<group>"; };
		DC61BAEC198289B100157BB9 /* main.m */ = {isa = PBXFileReference; lastKnownFileType = sourcecode.c.objc; path = main.m; sourceTree = "<group>"; };
		DC61BAEE198289B100157BB9 /* HamburgerTest-Prefix.pch */ = {isa = PBXFileReference; lastKnownFileType = sourcecode.c.h; path = "HamburgerTest-Prefix.pch"; sourceTree = "<group>"; };
		DC61BAEF198289B100157BB9 /* YBAppDelegate.h */ = {isa = PBXFileReference; lastKnownFileType = sourcecode.c.h; path = YBAppDelegate.h; sourceTree = "<group>"; };
		DC61BAF0198289B100157BB9 /* YBAppDelegate.m */ = {isa = PBXFileReference; lastKnownFileType = sourcecode.c.objc; path = YBAppDelegate.m; sourceTree = "<group>"; };
		DC61BAF3198289B100157BB9 /* Base */ = {isa = PBXFileReference; lastKnownFileType = file.storyboard; name = Base; path = Base.lproj/Main.storyboard; sourceTree = "<group>"; };
		DC61BAF5198289B100157BB9 /* YBViewController.h */ = {isa = PBXFileReference; lastKnownFileType = sourcecode.c.h; path = YBViewController.h; sourceTree = "<group>"; };
		DC61BAF6198289B100157BB9 /* YBViewController.m */ = {isa = PBXFileReference; lastKnownFileType = sourcecode.c.objc; path = YBViewController.m; sourceTree = "<group>"; };
		DC61BAF8198289B100157BB9 /* Images.xcassets */ = {isa = PBXFileReference; lastKnownFileType = folder.assetcatalog; path = Images.xcassets; sourceTree = "<group>"; };
		DC61BAFE198289B100157BB9 /* HamburgerTestTests.xctest */ = {isa = PBXFileReference; explicitFileType = wrapper.cfbundle; includeInIndex = 0; path = HamburgerTestTests.xctest; sourceTree = BUILT_PRODUCTS_DIR; };
		DC61BAFF198289B100157BB9 /* XCTest.framework */ = {isa = PBXFileReference; lastKnownFileType = wrapper.framework; name = XCTest.framework; path = Library/Frameworks/XCTest.framework; sourceTree = DEVELOPER_DIR; };
		DC61BB07198289B100157BB9 /* HamburgerTestTests-Info.plist */ = {isa = PBXFileReference; lastKnownFileType = text.plist.xml; path = "HamburgerTestTests-Info.plist"; sourceTree = "<group>"; };
		DC61BB09198289B100157BB9 /* en */ = {isa = PBXFileReference; lastKnownFileType = text.plist.strings; name = en; path = en.lproj/InfoPlist.strings; sourceTree = "<group>"; };
		DC61BB0B198289B100157BB9 /* HamburgerTestTests.m */ = {isa = PBXFileReference; lastKnownFileType = sourcecode.c.objc; path = HamburgerTestTests.m; sourceTree = "<group>"; };
		DC61BB1519828B0B00157BB9 /* YBSettingViewController.h */ = {isa = PBXFileReference; fileEncoding = 4; lastKnownFileType = sourcecode.c.h; path = YBSettingViewController.h; sourceTree = "<group>"; };
		DC61BB1619828B0B00157BB9 /* YBSettingViewController.m */ = {isa = PBXFileReference; fileEncoding = 4; lastKnownFileType = sourcecode.c.objc; path = YBSettingViewController.m; sourceTree = "<group>"; };
		DC61BB1819828B1600157BB9 /* YBTransitionViewController.h */ = {isa = PBXFileReference; fileEncoding = 4; lastKnownFileType = sourcecode.c.h; path = YBTransitionViewController.h; sourceTree = "<group>"; };
		DC61BB1919828B1600157BB9 /* YBTransitionViewController.m */ = {isa = PBXFileReference; fileEncoding = 4; lastKnownFileType = sourcecode.c.objc; path = YBTransitionViewController.m; sourceTree = "<group>"; };
		DC61BB1B19828B2200157BB9 /* YBMenuViewController.h */ = {isa = PBXFileReference; fileEncoding = 4; lastKnownFileType = sourcecode.c.h; path = YBMenuViewController.h; sourceTree = "<group>"; };
		DC61BB1C19828B2200157BB9 /* YBMenuViewController.m */ = {isa = PBXFileReference; fileEncoding = 4; lastKnownFileType = sourcecode.c.objc; path = YBMenuViewController.m; sourceTree = "<group>"; };
		DC61BB1E19828EAF00157BB9 /* MEDynamicTransition.h */ = {isa = PBXFileReference; fileEncoding = 4; lastKnownFileType = sourcecode.c.h; path = MEDynamicTransition.h; sourceTree = "<group>"; };
		DC61BB1F19828EAF00157BB9 /* MEDynamicTransition.m */ = {isa = PBXFileReference; fileEncoding = 4; lastKnownFileType = sourcecode.c.objc; path = MEDynamicTransition.m; sourceTree = "<group>"; };
		DC61BB261982C67100157BB9 /* CoreLocation.framework */ = {isa = PBXFileReference; lastKnownFileType = wrapper.framework; name = CoreLocation.framework; path = System/Library/Frameworks/CoreLocation.framework; sourceTree = SDKROOT; };
		DC61BB281982C6F400157BB9 /* YBMapViewController.h */ = {isa = PBXFileReference; fileEncoding = 4; lastKnownFileType = sourcecode.c.h; path = YBMapViewController.h; sourceTree = "<group>"; };
		DC61BB291982C6F400157BB9 /* YBMapViewController.m */ = {isa = PBXFileReference; fileEncoding = 4; lastKnownFileType = sourcecode.c.objc; path = YBMapViewController.m; sourceTree = "<group>"; };
		DC61BB2B1982C7AE00157BB9 /* PlaceMark.h */ = {isa = PBXFileReference; fileEncoding = 4; lastKnownFileType = sourcecode.c.h; path = PlaceMark.h; sourceTree = "<group>"; };
		DC61BB2C1982C7AE00157BB9 /* PlaceMark.m */ = {isa = PBXFileReference; fileEncoding = 4; lastKnownFileType = sourcecode.c.objc; path = PlaceMark.m; sourceTree = "<group>"; };
		DC61BB2E1982C7DE00157BB9 /* MapKit.framework */ = {isa = PBXFileReference; lastKnownFileType = wrapper.framework; name = MapKit.framework; path = System/Library/Frameworks/MapKit.framework; sourceTree = SDKROOT; };
		FE27EDC25976427C88E35CB9 /* Pods.xcconfig */ = {isa = PBXFileReference; includeInIndex = 1; lastKnownFileType = text.xcconfig; name = Pods.xcconfig; path = Pods/Pods.xcconfig; sourceTree = "<group>"; };
/* End PBXFileReference section */

/* Begin PBXFrameworksBuildPhase section */
		DC61BADA198289B100157BB9 /* Frameworks */ = {
			isa = PBXFrameworksBuildPhase;
			buildActionMask = 2147483647;
			files = (
				DC61BB2F1982C7DE00157BB9 /* MapKit.framework in Frameworks */,
				DC61BB271982C67100157BB9 /* CoreLocation.framework in Frameworks */,
				DC61BAE3198289B100157BB9 /* CoreGraphics.framework in Frameworks */,
				DC61BAE5198289B100157BB9 /* UIKit.framework in Frameworks */,
				DC61BAE1198289B100157BB9 /* Foundation.framework in Frameworks */,
				D9C3F6A803B84173A12F4A4D /* libPods.a in Frameworks */,
			);
			runOnlyForDeploymentPostprocessing = 0;
		};
		DC61BAFB198289B100157BB9 /* Frameworks */ = {
			isa = PBXFrameworksBuildPhase;
			buildActionMask = 2147483647;
			files = (
				DC61BB00198289B100157BB9 /* XCTest.framework in Frameworks */,
				DC61BB02198289B100157BB9 /* UIKit.framework in Frameworks */,
				DC61BB01198289B100157BB9 /* Foundation.framework in Frameworks */,
			);
			runOnlyForDeploymentPostprocessing = 0;
		};
/* End PBXFrameworksBuildPhase section */

/* Begin PBXGroup section */
		DC61BAD4198289B100157BB9 = {
			isa = PBXGroup;
			children = (
				DC61BAE6198289B100157BB9 /* HamburgerTest */,
				DC61BB05198289B100157BB9 /* HamburgerTestTests */,
				DC61BADF198289B100157BB9 /* Frameworks */,
				DC61BADE198289B100157BB9 /* Products */,
				FE27EDC25976427C88E35CB9 /* Pods.xcconfig */,
			);
			sourceTree = "<group>";
		};
		DC61BADE198289B100157BB9 /* Products */ = {
			isa = PBXGroup;
			children = (
				DC61BADD198289B100157BB9 /* HamburgerTest.app */,
				DC61BAFE198289B100157BB9 /* HamburgerTestTests.xctest */,
			);
			name = Products;
			sourceTree = "<group>";
		};
		DC61BADF198289B100157BB9 /* Frameworks */ = {
			isa = PBXGroup;
			children = (
				DC61BB2E1982C7DE00157BB9 /* MapKit.framework */,
				DC61BB261982C67100157BB9 /* CoreLocation.framework */,
				DC61BAE0198289B100157BB9 /* Foundation.framework */,
				DC61BAE2198289B100157BB9 /* CoreGraphics.framework */,
				DC61BAE4198289B100157BB9 /* UIKit.framework */,
				DC61BAFF198289B100157BB9 /* XCTest.framework */,
				BAA4EA5805CF484EA569CCF7 /* libPods.a */,
			);
			name = Frameworks;
			sourceTree = "<group>";
		};
		DC61BAE6198289B100157BB9 /* HamburgerTest */ = {
			isa = PBXGroup;
			children = (
				DC61BB251982906300157BB9 /* Models */,
				DC61BB241982905600157BB9 /* ViewControllers */,
				DC61BAEF198289B100157BB9 /* YBAppDelegate.h */,
				DC61BAF0198289B100157BB9 /* YBAppDelegate.m */,
				DC61BAF2198289B100157BB9 /* Main.storyboard */,
				DC61BAF8198289B100157BB9 /* Images.xcassets */,
				DC61BAE7198289B100157BB9 /* Supporting Files */,
			);
			path = HamburgerTest;
			sourceTree = "<group>";
		};
		DC61BAE7198289B100157BB9 /* Supporting Files */ = {
			isa = PBXGroup;
			children = (
				DC61BAE8198289B100157BB9 /* HamburgerTest-Info.plist */,
				DC61BAE9198289B100157BB9 /* InfoPlist.strings */,
				DC61BAEC198289B100157BB9 /* main.m */,
				DC61BAEE198289B100157BB9 /* HamburgerTest-Prefix.pch */,
			);
			name = "Supporting Files";
			sourceTree = "<group>";
		};
		DC61BB05198289B100157BB9 /* HamburgerTestTests */ = {
			isa = PBXGroup;
			children = (
				DC61BB0B198289B100157BB9 /* HamburgerTestTests.m */,
				DC61BB06198289B100157BB9 /* Supporting Files */,
			);
			path = HamburgerTestTests;
			sourceTree = "<group>";
		};
		DC61BB06198289B100157BB9 /* Supporting Files */ = {
			isa = PBXGroup;
			children = (
				DC61BB07198289B100157BB9 /* HamburgerTestTests-Info.plist */,
				DC61BB08198289B100157BB9 /* InfoPlist.strings */,
			);
			name = "Supporting Files";
			sourceTree = "<group>";
		};
		DC61BB241982905600157BB9 /* ViewControllers */ = {
			isa = PBXGroup;
			children = (
				DC61BB1519828B0B00157BB9 /* YBSettingViewController.h */,
				DC61BB1619828B0B00157BB9 /* YBSettingViewController.m */,
				DC61BB1819828B1600157BB9 /* YBTransitionViewController.h */,
				DC61BB1919828B1600157BB9 /* YBTransitionViewController.m */,
				DC61BB1B19828B2200157BB9 /* YBMenuViewController.h */,
				DC61BB1C19828B2200157BB9 /* YBMenuViewController.m */,
				DC61BAF5198289B100157BB9 /* YBViewController.h */,
				DC61BAF6198289B100157BB9 /* YBViewController.m */,
				DC61BB281982C6F400157BB9 /* YBMapViewController.h */,
				DC61BB291982C6F400157BB9 /* YBMapViewController.m */,
			);
			name = ViewControllers;
			sourceTree = "<group>";
		};
		DC61BB251982906300157BB9 /* Models */ = {
			isa = PBXGroup;
			children = (
				DC3EA4641982CA1800E946A5 /* pin_beef.png */,
				DC61BB2B1982C7AE00157BB9 /* PlaceMark.h */,
				DC61BB2C1982C7AE00157BB9 /* PlaceMark.m */,
				DC61BB1E19828EAF00157BB9 /* MEDynamicTransition.h */,
				DC61BB1F19828EAF00157BB9 /* MEDynamicTransition.m */,
			);
			name = Models;
			sourceTree = "<group>";
		};
/* End PBXGroup section */

/* Begin PBXNativeTarget section */
		DC61BADC198289B100157BB9 /* HamburgerTest */ = {
			isa = PBXNativeTarget;
			buildConfigurationList = DC61BB0F198289B100157BB9 /* Build configuration list for PBXNativeTarget "HamburgerTest" */;
			buildPhases = (
				3DF5DD68091A43A58F94BAFC /* Check Pods Manifest.lock */,
				DC61BAD9198289B100157BB9 /* Sources */,
				DC61BADA198289B100157BB9 /* Frameworks */,
				DC61BADB198289B100157BB9 /* Resources */,
				2D8D06F8AE9A4AA28F28B54D /* Copy Pods Resources */,
			);
			buildRules = (
			);
			dependencies = (
			);
			name = HamburgerTest;
			productName = HamburgerTest;
			productReference = DC61BADD198289B100157BB9 /* HamburgerTest.app */;
			productType = "com.apple.product-type.application";
		};
		DC61BAFD198289B100157BB9 /* HamburgerTestTests */ = {
			isa = PBXNativeTarget;
			buildConfigurationList = DC61BB12198289B100157BB9 /* Build configuration list for PBXNativeTarget "HamburgerTestTests" */;
			buildPhases = (
				DC61BAFA198289B100157BB9 /* Sources */,
				DC61BAFB198289B100157BB9 /* Frameworks */,
				DC61BAFC198289B100157BB9 /* Resources */,
			);
			buildRules = (
			);
			dependencies = (
				DC61BB04198289B100157BB9 /* PBXTargetDependency */,
			);
			name = HamburgerTestTests;
			productName = HamburgerTestTests;
			productReference = DC61BAFE198289B100157BB9 /* HamburgerTestTests.xctest */;
			productType = "com.apple.product-type.bundle.unit-test";
		};
/* End PBXNativeTarget section */

/* Begin PBXProject section */
		DC61BAD5198289B100157BB9 /* Project object */ = {
			isa = PBXProject;
			attributes = {
				CLASSPREFIX = YB;
				LastUpgradeCheck = 0510;
				ORGANIZATIONNAME = YuriiBogdan;
				TargetAttributes = {
					DC61BAFD198289B100157BB9 = {
						TestTargetID = DC61BADC198289B100157BB9;
					};
				};
			};
			buildConfigurationList = DC61BAD8198289B100157BB9 /* Build configuration list for PBXProject "HamburgerTest" */;
			compatibilityVersion = "Xcode 3.2";
			developmentRegion = English;
			hasScannedForEncodings = 0;
			knownRegions = (
				en,
				Base,
			);
			mainGroup = DC61BAD4198289B100157BB9;
			productRefGroup = DC61BADE198289B100157BB9 /* Products */;
			projectDirPath = "";
			projectRoot = "";
			targets = (
				DC61BADC198289B100157BB9 /* HamburgerTest */,
				DC61BAFD198289B100157BB9 /* HamburgerTestTests */,
			);
		};
/* End PBXProject section */

/* Begin PBXResourcesBuildPhase section */
		DC61BADB198289B100157BB9 /* Resources */ = {
			isa = PBXResourcesBuildPhase;
			buildActionMask = 2147483647;
			files = (
				DC61BAF9198289B100157BB9 /* Images.xcassets in Resources */,
				DC61BAEB198289B100157BB9 /* InfoPlist.strings in Resources */,
				DC61BAF4198289B100157BB9 /* Main.storyboard in Resources */,
				DC3EA4651982CA1800E946A5 /* pin_beef.png in Resources */,
			);
			runOnlyForDeploymentPostprocessing = 0;
		};
		DC61BAFC198289B100157BB9 /* Resources */ = {
			isa = PBXResourcesBuildPhase;
			buildActionMask = 2147483647;
			files = (
				DC61BB0A198289B100157BB9 /* InfoPlist.strings in Resources */,
			);
			runOnlyForDeploymentPostprocessing = 0;
		};
/* End PBXResourcesBuildPhase section */

/* Begin PBXShellScriptBuildPhase section */
		2D8D06F8AE9A4AA28F28B54D /* Copy Pods Resources */ = {
			isa = PBXShellScriptBuildPhase;
			buildActionMask = 2147483647;
			files = (
			);
			inputPaths = (
			);
			name = "Copy Pods Resources";
			outputPaths = (
			);
			runOnlyForDeploymentPostprocessing = 0;
			shellPath = /bin/sh;
			shellScript = "\"${SRCROOT}/Pods/Pods-resources.sh\"\n";
			showEnvVarsInLog = 0;
		};
		3DF5DD68091A43A58F94BAFC /* Check Pods Manifest.lock */ = {
			isa = PBXShellScriptBuildPhase;
			buildActionMask = 2147483647;
			files = (
			);
			inputPaths = (
			);
			name = "Check Pods Manifest.lock";
			outputPaths = (
			);
			runOnlyForDeploymentPostprocessing = 0;
			shellPath = /bin/sh;
			shellScript = "diff \"${PODS_ROOT}/../Podfile.lock\" \"${PODS_ROOT}/Manifest.lock\" > /dev/null\nif [[ $? != 0 ]] ; then\n    cat << EOM\nerror: The sandbox is not in sync with the Podfile.lock. Run 'pod install' or update your CocoaPods installation.\nEOM\n    exit 1\nfi\n";
			showEnvVarsInLog = 0;
		};
/* End PBXShellScriptBuildPhase section */

/* Begin PBXSourcesBuildPhase section */
		DC61BAD9198289B100157BB9 /* Sources */ = {
			isa = PBXSourcesBuildPhase;
			buildActionMask = 2147483647;
			files = (
				DC61BB2A1982C6F400157BB9 /* YBMapViewController.m in Sources */,
				DC61BB1A19828B1600157BB9 /* YBTransitionViewController.m in Sources */,
				DC61BB1719828B0B00157BB9 /* YBSettingViewController.m in Sources */,
				DC61BB2D1982C7AE00157BB9 /* PlaceMark.m in Sources */,
				DC61BAED198289B100157BB9 /* main.m in Sources */,
				DC61BAF7198289B100157BB9 /* YBViewController.m in Sources */,
				DC61BB1D19828B2200157BB9 /* YBMenuViewController.m in Sources */,
				DC61BB2019828EAF00157BB9 /* MEDynamicTransition.m in Sources */,
				DC61BAF1198289B100157BB9 /* YBAppDelegate.m in Sources */,
			);
			runOnlyForDeploymentPostprocessing = 0;
		};
		DC61BAFA198289B100157BB9 /* Sources */ = {
			isa = PBXSourcesBuildPhase;
			buildActionMask = 2147483647;
			files = (
				DC61BB0C198289B100157BB9 /* HamburgerTestTests.m in Sources */,
			);
			runOnlyForDeploymentPostprocessing = 0;
		};
/* End PBXSourcesBuildPhase section */

/* Begin PBXTargetDependency section */
		DC61BB04198289B100157BB9 /* PBXTargetDependency */ = {
			isa = PBXTargetDependency;
			target = DC61BADC198289B100157BB9 /* HamburgerTest */;
			targetProxy = DC61BB03198289B100157BB9 /* PBXContainerItemProxy */;
		};
/* End PBXTargetDependency section */

/* Begin PBXVariantGroup section */
		DC61BAE9198289B100157BB9 /* InfoPlist.strings */ = {
			isa = PBXVariantGroup;
			children = (
				DC61BAEA198289B100157BB9 /* en */,
			);
			name = InfoPlist.strings;
			sourceTree = "<group>";
		};
		DC61BAF2198289B100157BB9 /* Main.storyboard */ = {
			isa = PBXVariantGroup;
			children = (
				DC61BAF3198289B100157BB9 /* Base */,
			);
			name = Main.storyboard;
			sourceTree = "<group>";
		};
		DC61BB08198289B100157BB9 /* InfoPlist.strings */ = {
			isa = PBXVariantGroup;
			children = (
				DC61BB09198289B100157BB9 /* en */,
			);
			name = InfoPlist.strings;
			sourceTree = "<group>";
		};
/* End PBXVariantGroup section */

/* Begin XCBuildConfiguration section */
		DC61BB0D198289B100157BB9 /* Debug */ = {
			isa = XCBuildConfiguration;
			buildSettings = {
				ALWAYS_SEARCH_USER_PATHS = NO;
				CLANG_CXX_LANGUAGE_STANDARD = "gnu++0x";
				CLANG_CXX_LIBRARY = "libc++";
				CLANG_ENABLE_MODULES = YES;
				CLANG_ENABLE_OBJC_ARC = YES;
				CLANG_WARN_BOOL_CONVERSION = YES;
				CLANG_WARN_CONSTANT_CONVERSION = YES;
				CLANG_WARN_DIRECT_OBJC_ISA_USAGE = YES_ERROR;
				CLANG_WARN_EMPTY_BODY = YES;
				CLANG_WARN_ENUM_CONVERSION = YES;
				CLANG_WARN_INT_CONVERSION = YES;
				CLANG_WARN_OBJC_ROOT_CLASS = YES_ERROR;
				CLANG_WARN__DUPLICATE_METHOD_MATCH = YES;
				"CODE_SIGN_IDENTITY[sdk=iphoneos*]" = "iPhone Developer";
				COPY_PHASE_STRIP = NO;
				GCC_C_LANGUAGE_STANDARD = gnu99;
				GCC_DYNAMIC_NO_PIC = NO;
				GCC_OPTIMIZATION_LEVEL = 0;
				GCC_PREPROCESSOR_DEFINITIONS = (
					"DEBUG=1",
					"$(inherited)",
				);
				GCC_SYMBOLS_PRIVATE_EXTERN = NO;
				GCC_WARN_64_TO_32_BIT_CONVERSION = YES;
				GCC_WARN_ABOUT_RETURN_TYPE = YES_ERROR;
				GCC_WARN_UNDECLARED_SELECTOR = YES;
				GCC_WARN_UNINITIALIZED_AUTOS = YES_AGGRESSIVE;
				GCC_WARN_UNUSED_FUNCTION = YES;
				GCC_WARN_UNUSED_VARIABLE = YES;
				IPHONEOS_DEPLOYMENT_TARGET = 7.1;
				ONLY_ACTIVE_ARCH = YES;
				SDKROOT = iphoneos;
			};
			name = Debug;
		};
		DC61BB0E198289B100157BB9 /* Release */ = {
			isa = XCBuildConfiguration;
			buildSettings = {
				ALWAYS_SEARCH_USER_PATHS = NO;
				CLANG_CXX_LANGUAGE_STANDARD = "gnu++0x";
				CLANG_CXX_LIBRARY = "libc++";
				CLANG_ENABLE_MODULES = YES;
				CLANG_ENABLE_OBJC_ARC = YES;
				CLANG_WARN_BOOL_CONVERSION = YES;
				CLANG_WARN_CONSTANT_CONVERSION = YES;
				CLANG_WARN_DIRECT_OBJC_ISA_USAGE = YES_ERROR;
				CLANG_WARN_EMPTY_BODY = YES;
				CLANG_WARN_ENUM_CONVERSION = YES;
				CLANG_WARN_INT_CONVERSION = YES;
				CLANG_WARN_OBJC_ROOT_CLASS = YES_ERROR;
				CLANG_WARN__DUPLICATE_METHOD_MATCH = YES;
				"CODE_SIGN_IDENTITY[sdk=iphoneos*]" = "iPhone Developer";
				COPY_PHASE_STRIP = YES;
				ENABLE_NS_ASSERTIONS = NO;
				GCC_C_LANGUAGE_STANDARD = gnu99;
				GCC_WARN_64_TO_32_BIT_CONVERSION = YES;
				GCC_WARN_ABOUT_RETURN_TYPE = YES_ERROR;
				GCC_WARN_UNDECLARED_SELECTOR = YES;
				GCC_WARN_UNINITIALIZED_AUTOS = YES_AGGRESSIVE;
				GCC_WARN_UNUSED_FUNCTION = YES;
				GCC_WARN_UNUSED_VARIABLE = YES;
				IPHONEOS_DEPLOYMENT_TARGET = 7.1;
				SDKROOT = iphoneos;
				VALIDATE_PRODUCT = YES;
			};
			name = Release;
		};
		DC61BB10198289B100157BB9 /* Debug */ = {
			isa = XCBuildConfiguration;
			baseConfigurationReference = FE27EDC25976427C88E35CB9 /* Pods.xcconfig */;
			buildSettings = {
				ASSETCATALOG_COMPILER_APPICON_NAME = AppIcon;
				ASSETCATALOG_COMPILER_LAUNCHIMAGE_NAME = LaunchImage;
				CODE_SIGN_IDENTITY = "iPhone Developer: Andrew Thornberry (8XA4BYX3UP)";
				GCC_PRECOMPILE_PREFIX_HEADER = YES;
				GCC_PREFIX_HEADER = "HamburgerTest/HamburgerTest-Prefix.pch";
				INFOPLIST_FILE = "HamburgerTest/HamburgerTest-Info.plist";
				IPHONEOS_DEPLOYMENT_TARGET = 6.1;
				PRODUCT_NAME = "$(TARGET_NAME)";
				PROVISIONING_PROFILE = "FD1B3897-73AB-4BAF-B6DD-31E25BD48F35";
				WRAPPER_EXTENSION = app;
			};
			name = Debug;
		};
		DC61BB11198289B100157BB9 /* Release */ = {
			isa = XCBuildConfiguration;
			baseConfigurationReference = FE27EDC25976427C88E35CB9 /* Pods.xcconfig */;
			buildSettings = {
				ASSETCATALOG_COMPILER_APPICON_NAME = AppIcon;
				ASSETCATALOG_COMPILER_LAUNCHIMAGE_NAME = LaunchImage;
				CODE_SIGN_IDENTITY = "iPhone Developer: Andrew Thornberry (8XA4BYX3UP)";
				GCC_PRECOMPILE_PREFIX_HEADER = YES;
				GCC_PREFIX_HEADER = "HamburgerTest/HamburgerTest-Prefix.pch";
				INFOPLIST_FILE = "HamburgerTest/HamburgerTest-Info.plist";
				IPHONEOS_DEPLOYMENT_TARGET = 6.1;
				PRODUCT_NAME = "$(TARGET_NAME)";
				PROVISIONING_PROFILE = "FD1B3897-73AB-4BAF-B6DD-31E25BD48F35";
				WRAPPER_EXTENSION = app;
			};
			name = Release;
		};
		DC61BB13198289B100157BB9 /* Debug */ = {
			isa = XCBuildConfiguration;
			buildSettings = {
				BUNDLE_LOADER = "$(BUILT_PRODUCTS_DIR)/HamburgerTest.app/HamburgerTest";
				FRAMEWORK_SEARCH_PATHS = (
					"$(SDKROOT)/Developer/Library/Frameworks",
					"$(inherited)",
					"$(DEVELOPER_FRAMEWORKS_DIR)",
				);
				GCC_PRECOMPILE_PREFIX_HEADER = YES;
				GCC_PREFIX_HEADER = "HamburgerTest/HamburgerTest-Prefix.pch";
				GCC_PREPROCESSOR_DEFINITIONS = (
					"DEBUG=1",
					"$(inherited)",
				);
				INFOPLIST_FILE = "HamburgerTestTests/HamburgerTestTests-Info.plist";
				PRODUCT_NAME = "$(TARGET_NAME)";
				TEST_HOST = "$(BUNDLE_LOADER)";
				WRAPPER_EXTENSION = xctest;
			};
			name = Debug;
		};
		DC61BB14198289B100157BB9 /* Release */ = {
			isa = XCBuildConfiguration;
			buildSettings = {
				BUNDLE_LOADER = "$(BUILT_PRODUCTS_DIR)/HamburgerTest.app/HamburgerTest";
				FRAMEWORK_SEARCH_PATHS = (
					"$(SDKROOT)/Developer/Library/Frameworks",
					"$(inherited)",
					"$(DEVELOPER_FRAMEWORKS_DIR)",
				);
				GCC_PRECOMPILE_PREFIX_HEADER = YES;
				GCC_PREFIX_HEADER = "HamburgerTest/HamburgerTest-Prefix.pch";
				INFOPLIST_FILE = "HamburgerTestTests/HamburgerTestTests-Info.plist";
				PRODUCT_NAME = "$(TARGET_NAME)";
				TEST_HOST = "$(BUNDLE_LOADER)";
				WRAPPER_EXTENSION = xctest;
			};
			name = Release;
		};
/* End XCBuildConfiguration section */

/* Begin XCConfigurationList section */
		DC61BAD8198289B100157BB9 /* Build configuration list for PBXProject "HamburgerTest" */ = {
			isa = XCConfigurationList;
			buildConfigurations = (
				DC61BB0D198289B100157BB9 /* Debug */,
				DC61BB0E198289B100157BB9 /* Release */,
			);
			defaultConfigurationIsVisible = 0;
			defaultConfigurationName = Release;
		};
		DC61BB0F198289B100157BB9 /* Build configuration list for PBXNativeTarget "HamburgerTest" */ = {
			isa = XCConfigurationList;
			buildConfigurations = (
				DC61BB10198289B100157BB9 /* Debug */,
				DC61BB11198289B100157BB9 /* Release */,
			);
			defaultConfigurationIsVisible = 0;
			defaultConfigurationName = Release;
		};
		DC61BB12198289B100157BB9 /* Build configuration list for PBXNativeTarget "HamburgerTestTests" */ = {
			isa = XCConfigurationList;
			buildConfigurations = (
				DC61BB13198289B100157BB9 /* Debug */,
				DC61BB14198289B100157BB9 /* Release */,
			);
			defaultConfigurationIsVisible = 0;
			defaultConfigurationName = Release;
		};
/* End XCConfigurationList section */
	};
	rootObject = DC61BAD5198289B100157BB9 /* Project object */;
}
